
Microsoft Visual Studio Solution File, Format Version 12.00
# Visual Studio 15
VisualStudioVersion = 15.0.26124.0
MinimumVisualStudioVersion = 15.0.26124.0
Project("{FAE04EC0-301F-11D3-BF4B-00C04F79EFBC}") = "IlluminateLms.Api", "IlluminateLms.Api\IlluminateLms.Api.csproj", "{C3042DD3-5DB7-4612-B7FE-3E6DDFFF2793}"
EndProject
Project("{FAE04EC0-301F-11D3-BF4B-00C04F79EFBC}") = "IlluminateLms.Business", "IlluminateLms.Business\IlluminateLms.Business.csproj", "{1C4442B7-0D17-46D3-A162-D538A37A0652}"
EndProject
Project("{FAE04EC0-301F-11D3-BF4B-00C04F79EFBC}") = "IlluminateLms.Business.Test", "IlluminateLms.Business.Test\IlluminateLms.Business.Test.csproj", "{B7AB1801-18C7-4D4C-9F43-946A79BE737F}"
EndProject
Project("{FAE04EC0-301F-11D3-BF4B-00C04F79EFBC}") = "IlluminateLms.Enterprise", "IlluminateLms.Enterprise\IlluminateLms.Enterprise.csproj", "{DFF05D89-2C2F-42FA-85B6-8A59F577379F}"
EndProject
Project("{FAE04EC0-301F-11D3-BF4B-00C04F79EFBC}") = "IlluminateLms.Web", "IlluminateLms.Web\IlluminateLms.Web.csproj", "{4F3287F2-9648-42BA-BFA5-27D5BB37D3CF}"
EndProject
Global
	GlobalSection(SolutionConfigurationPlatforms) = preSolution
		Debug|Any CPU = Debug|Any CPU
		Debug|x64 = Debug|x64
		Debug|x86 = Debug|x86
		Release|Any CPU = Release|Any CPU
		Release|x64 = Release|x64
		Release|x86 = Release|x86
	EndGlobalSection
	GlobalSection(SolutionProperties) = preSolution
		HideSolutionNode = FALSE
	EndGlobalSection
	GlobalSection(ProjectConfigurationPlatforms) = postSolution
		{C3042DD3-5DB7-4612-B7FE-3E6DDFFF2793}.Debug|Any CPU.ActiveCfg = Debug|Any CPU
		{C3042DD3-5DB7-4612-B7FE-3E6DDFFF2793}.Debug|Any CPU.Build.0 = Debug|Any CPU
		{C3042DD3-5DB7-4612-B7FE-3E6DDFFF2793}.Debug|x64.ActiveCfg = Debug|Any CPU
		{C3042DD3-5DB7-4612-B7FE-3E6DDFFF2793}.Debug|x64.Build.0 = Debug|Any CPU
		{C3042DD3-5DB7-4612-B7FE-3E6DDFFF2793}.Debug|x86.ActiveCfg = Debug|Any CPU
		{C3042DD3-5DB7-4612-B7FE-3E6DDFFF2793}.Debug|x86.Build.0 = Debug|Any CPU
		{C3042DD3-5DB7-4612-B7FE-3E6DDFFF2793}.Release|Any CPU.ActiveCfg = Release|Any CPU
		{C3042DD3-5DB7-4612-B7FE-3E6DDFFF2793}.Release|Any CPU.Build.0 = Release|Any CPU
		{C3042DD3-5DB7-4612-B7FE-3E6DDFFF2793}.Release|x64.ActiveCfg = Release|Any CPU
		{C3042DD3-5DB7-4612-B7FE-3E6DDFFF2793}.Release|x64.Build.0 = Release|Any CPU
		{C3042DD3-5DB7-4612-B7FE-3E6DDFFF2793}.Release|x86.ActiveCfg = Release|Any CPU
		{C3042DD3-5DB7-4612-B7FE-3E6DDFFF2793}.Release|x86.Build.0 = Release|Any CPU
		{1C4442B7-0D17-46D3-A162-D538A37A0652}.Debug|Any CPU.ActiveCfg = Debug|Any CPU
		{1C4442B7-0D17-46D3-A162-D538A37A0652}.Debug|Any CPU.Build.0 = Debug|Any CPU
		{1C4442B7-0D17-46D3-A162-D538A37A0652}.Debug|x64.ActiveCfg = Debug|Any CPU
		{1C4442B7-0D17-46D3-A162-D538A37A0652}.Debug|x64.Build.0 = Debug|Any CPU
		{1C4442B7-0D17-46D3-A162-D538A37A0652}.Debug|x86.ActiveCfg = Debug|Any CPU
		{1C4442B7-0D17-46D3-A162-D538A37A0652}.Debug|x86.Build.0 = Debug|Any CPU
		{1C4442B7-0D17-46D3-A162-D538A37A0652}.Release|Any CPU.ActiveCfg = Release|Any CPU
		{1C4442B7-0D17-46D3-A162-D538A37A0652}.Release|Any CPU.Build.0 = Release|Any CPU
		{1C4442B7-0D17-46D3-A162-D538A37A0652}.Release|x64.ActiveCfg = Release|Any CPU
		{1C4442B7-0D17-46D3-A162-D538A37A0652}.Release|x64.Build.0 = Release|Any CPU
		{1C4442B7-0D17-46D3-A162-D538A37A0652}.Release|x86.ActiveCfg = Release|Any CPU
		{1C4442B7-0D17-46D3-A162-D538A37A0652}.Release|x86.Build.0 = Release|Any CPU
		{B7AB1801-18C7-4D4C-9F43-946A79BE737F}.Debug|Any CPU.ActiveCfg = Debug|Any CPU
		{B7AB1801-18C7-4D4C-9F43-946A79BE737F}.Debug|Any CPU.Build.0 = Debug|Any CPU
		{B7AB1801-18C7-4D4C-9F43-946A79BE737F}.Debug|x64.ActiveCfg = Debug|Any CPU
		{B7AB1801-18C7-4D4C-9F43-946A79BE737F}.Debug|x64.Build.0 = Debug|Any CPU
		{B7AB1801-18C7-4D4C-9F43-946A79BE737F}.Debug|x86.ActiveCfg = Debug|Any CPU
		{B7AB1801-18C7-4D4C-9F43-946A79BE737F}.Debug|x86.Build.0 = Debug|Any CPU
		{B7AB1801-18C7-4D4C-9F43-946A79BE737F}.Release|Any CPU.ActiveCfg = Release|Any CPU
		{B7AB1801-18C7-4D4C-9F43-946A79BE737F}.Release|Any CPU.Build.0 = Release|Any CPU
		{B7AB1801-18C7-4D4C-9F43-946A79BE737F}.Release|x64.ActiveCfg = Release|Any CPU
		{B7AB1801-18C7-4D4C-9F43-946A79BE737F}.Release|x64.Build.0 = Release|Any CPU
		{B7AB1801-18C7-4D4C-9F43-946A79BE737F}.Release|x86.ActiveCfg = Release|Any CPU
		{B7AB1801-18C7-4D4C-9F43-946A79BE737F}.Release|x86.Build.0 = Release|Any CPU
		{DFF05D89-2C2F-42FA-85B6-8A59F577379F}.Debug|Any CPU.ActiveCfg = Debug|Any CPU
		{DFF05D89-2C2F-42FA-85B6-8A59F577379F}.Debug|Any CPU.Build.0 = Debug|Any CPU
		{DFF05D89-2C2F-42FA-85B6-8A59F577379F}.Debug|x64.ActiveCfg = Debug|Any CPU
		{DFF05D89-2C2F-42FA-85B6-8A59F577379F}.Debug|x64.Build.0 = Debug|Any CPU
		{DFF05D89-2C2F-42FA-85B6-8A59F577379F}.Debug|x86.ActiveCfg = Debug|Any CPU
		{DFF05D89-2C2F-42FA-85B6-8A59F577379F}.Debug|x86.Build.0 = Debug|Any CPU
		{DFF05D89-2C2F-42FA-85B6-8A59F577379F}.Release|Any CPU.ActiveCfg = Release|Any CPU
		{DFF05D89-2C2F-42FA-85B6-8A59F577379F}.Release|Any CPU.Build.0 = Release|Any CPU
		{DFF05D89-2C2F-42FA-85B6-8A59F577379F}.Release|x64.ActiveCfg = Release|Any CPU
		{DFF05D89-2C2F-42FA-85B6-8A59F577379F}.Release|x64.Build.0 = Release|Any CPU
		{DFF05D89-2C2F-42FA-85B6-8A59F577379F}.Release|x86.ActiveCfg = Release|Any CPU
		{DFF05D89-2C2F-42FA-85B6-8A59F577379F}.Release|x86.Build.0 = Release|Any CPU
		{4F3287F2-9648-42BA-BFA5-27D5BB37D3CF}.Debug|Any CPU.ActiveCfg = Debug|Any CPU
		{4F3287F2-9648-42BA-BFA5-27D5BB37D3CF}.Debug|Any CPU.Build.0 = Debug|Any CPU
		{4F3287F2-9648-42BA-BFA5-27D5BB37D3CF}.Debug|x64.ActiveCfg = Debug|Any CPU
		{4F3287F2-9648-42BA-BFA5-27D5BB37D3CF}.Debug|x64.Build.0 = Debug|Any CPU
		{4F3287F2-9648-42BA-BFA5-27D5BB37D3CF}.Debug|x86.ActiveCfg = Debug|Any CPU
		{4F3287F2-9648-42BA-BFA5-27D5BB37D3CF}.Debug|x86.Build.0 = Debug|Any CPU
		{4F3287F2-9648-42BA-BFA5-27D5BB37D3CF}.Release|Any CPU.ActiveCfg = Release|Any CPU
		{4F3287F2-9648-42BA-BFA5-27D5BB37D3CF}.Release|Any CPU.Build.0 = Release|Any CPU
		{4F3287F2-9648-42BA-BFA5-27D5BB37D3CF}.Release|x64.ActiveCfg = Release|Any CPU
		{4F3287F2-9648-42BA-BFA5-27D5BB37D3CF}.Release|x64.Build.0 = Release|Any CPU
		{4F3287F2-9648-42BA-BFA5-27D5BB37D3CF}.Release|x86.ActiveCfg = Release|Any CPU
		{4F3287F2-9648-42BA-BFA5-27D5BB37D3CF}.Release|x86.Build.0 = Release|Any CPU
	EndGlobalSection
EndGlobal
