{
  "name": "illuminate-lms-web",
  "version": "1.0.0",
  "lockfileVersion": 1,
  "requires": true,
  "dependencies": {
    "@types/uikit": {
      "version": "2.27.6",
      "resolved": "https://registry.npmjs.org/@types/uikit/-/uikit-2.27.6.tgz",
      "integrity": "sha512-lj5TR3eWyGkHGwNTzEb/tYzoljrdg4DEVxoPE0zBhZkJtl3nQPolm2pVH//M827FT2kBNsRLaJ2dFJVT0jHudg==",
      "dev": true,
      "requires": {
        "@types/jquery": "3.3.0"
      },
      "dependencies": {
        "@types/jquery": {
          "version": "3.3.0",
          "resolved": "https://registry.npmjs.org/@types/jquery/-/jquery-3.3.0.tgz",
          "integrity": "sha512-szaKV2OQgwxYTGTY6qd9eeBfGGCaP7n2OGit4JdbOcfGgc9VWjfhMhnu5AVNhIAu8WWDIB36q9dfPVba1fGeIQ==",
          "dev": true
        }
      }
    }
  }
}
